
Microsoft Visual Studio Solution File, Format Version 12.00
# Visual Studio 14
VisualStudioVersion = 14.0.25420.1
MinimumVisualStudioVersion = 10.0.40219.1
Project("{8BC9CEB8-8B4A-11D0-8D11-00A0C91BC942}") = "P128", "SIDHp128.vcxproj", "{EBF59A70-FD9B-4F44-A7C2-5E70B061F5BE}"
EndProject
Project("{8BC9CEB8-8B4A-11D0-8D11-00A0C91BC942}") = "P434", "SIDHp434.vcxproj", "{E46FD055-7619-4C50-8360-FA3BC2F650FB}"
EndProject
Project("{8BC9CEB8-8B4A-11D0-8D11-00A0C91BC942}") = "test-vOW_SIKE128", "..\vOW_tests\test-vOW_SIKE128.vcxproj", "{865A4F9B-7C59-48CF-9155-7AF9ACE4271F}"
EndProject
Project("{8BC9CEB8-8B4A-11D0-8D11-00A0C91BC942}") = "vOW_SIKE128", "vOW_SIKE128.vcxproj", "{F182DD6A-6D08-4B0A-BD82-9454ED87453F}"
EndProject
Project("{8BC9CEB8-8B4A-11D0-8D11-00A0C91BC942}") = "vOW_SIKE434", "vOW_SIKE434.vcxproj", "{92CF774E-E3EA-42F2-8CFB-39F85080C8EA}"
EndProject
Project("{8BC9CEB8-8B4A-11D0-8D11-00A0C91BC942}") = "test-vOW_SIKE434", "..\vOW_tests\test-vOW_SIKE434.vcxproj", "{A9D54036-C665-43B9-AC40-4786142C52AA}"
EndProject
Project("{8BC9CEB8-8B4A-11D0-8D11-00A0C91BC942}") = "P377", "SIDHp377.vcxproj", "{05CEF530-F410-4C21-AC70-A7EF991DEE6A}"
EndProject
Project("{8BC9CEB8-8B4A-11D0-8D11-00A0C91BC942}") = "test-vOW_SIKE377", "..\vOW_tests\test-vOW_SIKE377.vcxproj", "{F1550FE5-A251-4B67-95A4-B9503757B4CE}"
EndProject
Project("{8BC9CEB8-8B4A-11D0-8D11-00A0C91BC942}") = "vOW_SIKE377", "vOW_SIKE377.vcxproj", "{3CADC9E8-7093-4D7B-A76A-B80E6823AD2B}"
EndProject
Global
	GlobalSection(SolutionConfigurationPlatforms) = preSolution
		Debug|x64 = Debug|x64
		Debug|x86 = Debug|x86
		Fast|x64 = Fast|x64
		Fast|x86 = Fast|x86
		Generic|x64 = Generic|x64
		Generic|x86 = Generic|x86
	EndGlobalSection
	GlobalSection(ProjectConfigurationPlatforms) = postSolution
		{EBF59A70-FD9B-4F44-A7C2-5E70B061F5BE}.Debug|x64.ActiveCfg = Debug|x64
		{EBF59A70-FD9B-4F44-A7C2-5E70B061F5BE}.Debug|x64.Build.0 = Debug|x64
		{EBF59A70-FD9B-4F44-A7C2-5E70B061F5BE}.Debug|x86.ActiveCfg = Debug|Win32
		{EBF59A70-FD9B-4F44-A7C2-5E70B061F5BE}.Debug|x86.Build.0 = Debug|Win32
		{EBF59A70-FD9B-4F44-A7C2-5E70B061F5BE}.Fast|x64.ActiveCfg = Fast|x64
		{EBF59A70-FD9B-4F44-A7C2-5E70B061F5BE}.Fast|x64.Build.0 = Fast|x64
		{EBF59A70-FD9B-4F44-A7C2-5E70B061F5BE}.Fast|x86.ActiveCfg = Fast|Win32
		{EBF59A70-FD9B-4F44-A7C2-5E70B061F5BE}.Generic|x64.ActiveCfg = Generic|x64
		{EBF59A70-FD9B-4F44-A7C2-5E70B061F5BE}.Generic|x64.Build.0 = Generic|x64
		{EBF59A70-FD9B-4F44-A7C2-5E70B061F5BE}.Generic|x86.ActiveCfg = Generic|Win32
		{EBF59A70-FD9B-4F44-A7C2-5E70B061F5BE}.Generic|x86.Build.0 = Generic|Win32
		{E46FD055-7619-4C50-8360-FA3BC2F650FB}.Debug|x64.ActiveCfg = Debug|x64
		{E46FD055-7619-4C50-8360-FA3BC2F650FB}.Debug|x64.Build.0 = Debug|x64
		{E46FD055-7619-4C50-8360-FA3BC2F650FB}.Debug|x86.ActiveCfg = Debug|Win32
		{E46FD055-7619-4C50-8360-FA3BC2F650FB}.Debug|x86.Build.0 = Debug|Win32
		{E46FD055-7619-4C50-8360-FA3BC2F650FB}.Fast|x64.ActiveCfg = Fast|x64
		{E46FD055-7619-4C50-8360-FA3BC2F650FB}.Fast|x64.Build.0 = Fast|x64
		{E46FD055-7619-4C50-8360-FA3BC2F650FB}.Fast|x86.ActiveCfg = Fast|Win32
		{E46FD055-7619-4C50-8360-FA3BC2F650FB}.Generic|x64.ActiveCfg = Generic|x64
		{E46FD055-7619-4C50-8360-FA3BC2F650FB}.Generic|x64.Build.0 = Generic|x64
		{E46FD055-7619-4C50-8360-FA3BC2F650FB}.Generic|x86.ActiveCfg = Generic|Win32
		{E46FD055-7619-4C50-8360-FA3BC2F650FB}.Generic|x86.Build.0 = Generic|Win32
		{865A4F9B-7C59-48CF-9155-7AF9ACE4271F}.Debug|x64.ActiveCfg = Debug|x64
		{865A4F9B-7C59-48CF-9155-7AF9ACE4271F}.Debug|x64.Build.0 = Debug|x64
		{865A4F9B-7C59-48CF-9155-7AF9ACE4271F}.Debug|x86.ActiveCfg = Debug|Win32
		{865A4F9B-7C59-48CF-9155-7AF9ACE4271F}.Debug|x86.Build.0 = Debug|Win32
		{865A4F9B-7C59-48CF-9155-7AF9ACE4271F}.Fast|x64.ActiveCfg = Fast|x64
		{865A4F9B-7C59-48CF-9155-7AF9ACE4271F}.Fast|x64.Build.0 = Fast|x64
		{865A4F9B-7C59-48CF-9155-7AF9ACE4271F}.Fast|x86.ActiveCfg = Fast|Win32
		{865A4F9B-7C59-48CF-9155-7AF9ACE4271F}.Generic|x64.ActiveCfg = Generic|x64
		{865A4F9B-7C59-48CF-9155-7AF9ACE4271F}.Generic|x64.Build.0 = Generic|x64
		{865A4F9B-7C59-48CF-9155-7AF9ACE4271F}.Generic|x86.ActiveCfg = Generic|Win32
		{865A4F9B-7C59-48CF-9155-7AF9ACE4271F}.Generic|x86.Build.0 = Generic|Win32
		{F182DD6A-6D08-4B0A-BD82-9454ED87453F}.Debug|x64.ActiveCfg = Debug|x64
		{F182DD6A-6D08-4B0A-BD82-9454ED87453F}.Debug|x64.Build.0 = Debug|x64
		{F182DD6A-6D08-4B0A-BD82-9454ED87453F}.Debug|x86.ActiveCfg = Debug|Win32
		{F182DD6A-6D08-4B0A-BD82-9454ED87453F}.Debug|x86.Build.0 = Debug|Win32
		{F182DD6A-6D08-4B0A-BD82-9454ED87453F}.Fast|x64.ActiveCfg = Fast|x64
		{F182DD6A-6D08-4B0A-BD82-9454ED87453F}.Fast|x64.Build.0 = Fast|x64
		{F182DD6A-6D08-4B0A-BD82-9454ED87453F}.Fast|x86.ActiveCfg = Fast|Win32
		{F182DD6A-6D08-4B0A-BD82-9454ED87453F}.Generic|x64.ActiveCfg = Generic|x64
		{F182DD6A-6D08-4B0A-BD82-9454ED87453F}.Generic|x64.Build.0 = Generic|x64
		{F182DD6A-6D08-4B0A-BD82-9454ED87453F}.Generic|x86.ActiveCfg = Generic|Win32
		{F182DD6A-6D08-4B0A-BD82-9454ED87453F}.Generic|x86.Build.0 = Generic|Win32
		{92CF774E-E3EA-42F2-8CFB-39F85080C8EA}.Debug|x64.ActiveCfg = Debug|x64
		{92CF774E-E3EA-42F2-8CFB-39F85080C8EA}.Debug|x64.Build.0 = Debug|x64
		{92CF774E-E3EA-42F2-8CFB-39F85080C8EA}.Debug|x86.ActiveCfg = Debug|Win32
		{92CF774E-E3EA-42F2-8CFB-39F85080C8EA}.Debug|x86.Build.0 = Debug|Win32
		{92CF774E-E3EA-42F2-8CFB-39F85080C8EA}.Fast|x64.ActiveCfg = Fast|x64
		{92CF774E-E3EA-42F2-8CFB-39F85080C8EA}.Fast|x64.Build.0 = Fast|x64
		{92CF774E-E3EA-42F2-8CFB-39F85080C8EA}.Fast|x86.ActiveCfg = Fast|Win32
		{92CF774E-E3EA-42F2-8CFB-39F85080C8EA}.Generic|x64.ActiveCfg = Generic|x64
		{92CF774E-E3EA-42F2-8CFB-39F85080C8EA}.Generic|x64.Build.0 = Generic|x64
		{92CF774E-E3EA-42F2-8CFB-39F85080C8EA}.Generic|x86.ActiveCfg = Generic|Win32
		{92CF774E-E3EA-42F2-8CFB-39F85080C8EA}.Generic|x86.Build.0 = Generic|Win32
		{A9D54036-C665-43B9-AC40-4786142C52AA}.Debug|x64.ActiveCfg = Debug|x64
		{A9D54036-C665-43B9-AC40-4786142C52AA}.Debug|x64.Build.0 = Debug|x64
		{A9D54036-C665-43B9-AC40-4786142C52AA}.Debug|x86.ActiveCfg = Debug|Win32
		{A9D54036-C665-43B9-AC40-4786142C52AA}.Debug|x86.Build.0 = Debug|Win32
		{A9D54036-C665-43B9-AC40-4786142C52AA}.Fast|x64.ActiveCfg = Fast|x64
		{A9D54036-C665-43B9-AC40-4786142C52AA}.Fast|x64.Build.0 = Fast|x64
		{A9D54036-C665-43B9-AC40-4786142C52AA}.Fast|x86.ActiveCfg = Fast|Win32
		{A9D54036-C665-43B9-AC40-4786142C52AA}.Generic|x64.ActiveCfg = Generic|x64
		{A9D54036-C665-43B9-AC40-4786142C52AA}.Generic|x64.Build.0 = Generic|x64
		{A9D54036-C665-43B9-AC40-4786142C52AA}.Generic|x86.ActiveCfg = Generic|Win32
		{A9D54036-C665-43B9-AC40-4786142C52AA}.Generic|x86.Build.0 = Generic|Win32
		{05CEF530-F410-4C21-AC70-A7EF991DEE6A}.Debug|x64.ActiveCfg = Debug|x64
		{05CEF530-F410-4C21-AC70-A7EF991DEE6A}.Debug|x64.Build.0 = Debug|x64
		{05CEF530-F410-4C21-AC70-A7EF991DEE6A}.Debug|x86.ActiveCfg = Debug|Win32
		{05CEF530-F410-4C21-AC70-A7EF991DEE6A}.Debug|x86.Build.0 = Debug|Win32
		{05CEF530-F410-4C21-AC70-A7EF991DEE6A}.Fast|x64.ActiveCfg = Fast|x64
		{05CEF530-F410-4C21-AC70-A7EF991DEE6A}.Fast|x64.Build.0 = Fast|x64
		{05CEF530-F410-4C21-AC70-A7EF991DEE6A}.Fast|x86.ActiveCfg = Fast|Win32
		{05CEF530-F410-4C21-AC70-A7EF991DEE6A}.Generic|x64.ActiveCfg = Generic|x64
		{05CEF530-F410-4C21-AC70-A7EF991DEE6A}.Generic|x64.Build.0 = Generic|x64
		{05CEF530-F410-4C21-AC70-A7EF991DEE6A}.Generic|x86.ActiveCfg = Generic|Win32
		{05CEF530-F410-4C21-AC70-A7EF991DEE6A}.Generic|x86.Build.0 = Generic|Win32
		{F1550FE5-A251-4B67-95A4-B9503757B4CE}.Debug|x64.ActiveCfg = Debug|x64
		{F1550FE5-A251-4B67-95A4-B9503757B4CE}.Debug|x64.Build.0 = Debug|x64
		{F1550FE5-A251-4B67-95A4-B9503757B4CE}.Debug|x86.ActiveCfg = Debug|Win32
		{F1550FE5-A251-4B67-95A4-B9503757B4CE}.Debug|x86.Build.0 = Debug|Win32
		{F1550FE5-A251-4B67-95A4-B9503757B4CE}.Fast|x64.ActiveCfg = Fast|x64
		{F1550FE5-A251-4B67-95A4-B9503757B4CE}.Fast|x64.Build.0 = Fast|x64
		{F1550FE5-A251-4B67-95A4-B9503757B4CE}.Fast|x86.ActiveCfg = Fast|Win32
		{F1550FE5-A251-4B67-95A4-B9503757B4CE}.Generic|x64.ActiveCfg = Generic|x64
		{F1550FE5-A251-4B67-95A4-B9503757B4CE}.Generic|x64.Build.0 = Generic|x64
		{F1550FE5-A251-4B67-95A4-B9503757B4CE}.Generic|x86.ActiveCfg = Generic|Win32
		{F1550FE5-A251-4B67-95A4-B9503757B4CE}.Generic|x86.Build.0 = Generic|Win32
		{3CADC9E8-7093-4D7B-A76A-B80E6823AD2B}.Debug|x64.ActiveCfg = Debug|x64
		{3CADC9E8-7093-4D7B-A76A-B80E6823AD2B}.Debug|x64.Build.0 = Debug|x64
		{3CADC9E8-7093-4D7B-A76A-B80E6823AD2B}.Debug|x86.ActiveCfg = Debug|Win32
		{3CADC9E8-7093-4D7B-A76A-B80E6823AD2B}.Debug|x86.Build.0 = Debug|Win32
		{3CADC9E8-7093-4D7B-A76A-B80E6823AD2B}.Fast|x64.ActiveCfg = Fast|x64
		{3CADC9E8-7093-4D7B-A76A-B80E6823AD2B}.Fast|x64.Build.0 = Fast|x64
		{3CADC9E8-7093-4D7B-A76A-B80E6823AD2B}.Fast|x86.ActiveCfg = Fast|Win32
		{3CADC9E8-7093-4D7B-A76A-B80E6823AD2B}.Generic|x64.ActiveCfg = Generic|x64
		{3CADC9E8-7093-4D7B-A76A-B80E6823AD2B}.Generic|x64.Build.0 = Generic|x64
		{3CADC9E8-7093-4D7B-A76A-B80E6823AD2B}.Generic|x86.ActiveCfg = Generic|Win32
		{3CADC9E8-7093-4D7B-A76A-B80E6823AD2B}.Generic|x86.Build.0 = Generic|Win32
	EndGlobalSection
	GlobalSection(SolutionProperties) = preSolution
		HideSolutionNode = FALSE
	EndGlobalSection
EndGlobal
