# main definitions
source common.qsf

set_global_assignment -name TOP_LEVEL_ENTITY MuraxSHAKE

# HDL source code files 
set_global_assignment -name VERILOG_FILE ../../src/hardware/SHAKE/verilog/clog2.v
set_global_assignment -name VERILOG_FILE MuraxSHAKE.v
set_global_assignment -name VERILOG_FILE ../rtl/Apb3SHAKE.v
set_global_assignment -name VERILOG_FILE ../../src/hardware/SHAKE/verilog/keccak_top.v   
set_global_assignment -name VERILOG_FILE ../../src/hardware/SHAKE/verilog/control_path.v   
set_global_assignment -name VERILOG_FILE ../../src/hardware/SHAKE/verilog/keccak_pkg.v   
set_global_assignment -name VERILOG_FILE ../../src/hardware/SHAKE/verilog/rc.v                   
set_global_assignment -name VERILOG_FILE ../../src/hardware/SHAKE/verilog/state_ram.v   
set_global_assignment -name VERILOG_FILE ../../src/hardware/SHAKE/verilog/data_path.v      
set_global_assignment -name VERILOG_FILE ../../src/hardware/SHAKE/verilog/keccak_math.v  
set_global_assignment -name VERILOG_FILE ../../src/hardware/SHAKE/verilog/stateram_inference.v           
set_global_assignment -name VERILOG_FILE ../../src/hardware/SHAKE/verilog/transform.v  